
Microsoft Visual Studio Solution File, Format Version 12.00
# Visual Studio Version 17
VisualStudioVersion = 17.3.32901.215
MinimumVisualStudioVersion = 10.0.40219.1
Project("{FAE04EC0-301F-11D3-BF4B-00C04F79EFBC}") = "WebApp.API", "WebApp.API\WebApp.API.csproj", "{44BBD999-3D4E-4AF9-BEF9-16360E81CEAC}"
EndProject
Global
	GlobalSection(SolutionConfigurationPlatforms) = preSolution
		Debug|Any CPU = Debug|Any CPU
		Release|Any CPU = Release|Any CPU
	EndGlobalSection
	GlobalSection(ProjectConfigurationPlatforms) = postSolution
		{44BBD999-3D4E-4AF9-BEF9-16360E81CEAC}.Debug|Any CPU.ActiveCfg = Debug|Any CPU
		{44BBD999-3D4E-4AF9-BEF9-16360E81CEAC}.Debug|Any CPU.Build.0 = Debug|Any CPU
		{44BBD999-3D4E-4AF9-BEF9-16360E81CEAC}.Release|Any CPU.ActiveCfg = Release|Any CPU
		{44BBD999-3D4E-4AF9-BEF9-16360E81CEAC}.Release|Any CPU.Build.0 = Release|Any CPU
	EndGlobalSection
	GlobalSection(SolutionProperties) = preSolution
		HideSolutionNode = FALSE
	EndGlobalSection
	GlobalSection(ExtensibilityGlobals) = postSolution
		SolutionGuid = {17FEA41F-9660-4F7A-84CD-D1C7FE11055A}
	EndGlobalSection
EndGlobal
